// !$*UTF8*$!
{
	archiveVersion = 1;
	classes = {
	};
	objectVersion = 50;
	objects = {

/* Begin PBXBuildFile section */
		BB9E2ACF2550671300E57411 /* rockaholicApp.swift in Sources */ = {isa = PBXBuildFile; fileRef = BB9E2ACE2550671300E57411 /* rockaholicApp.swift */; };
		BB9E2AD12550671300E57411 /* ContentView.swift in Sources */ = {isa = PBXBuildFile; fileRef = BB9E2AD02550671300E57411 /* ContentView.swift */; };
		BB9E2AD32550671400E57411 /* Assets.xcassets in Resources */ = {isa = PBXBuildFile; fileRef = BB9E2AD22550671400E57411 /* Assets.xcassets */; };
		BB9E2AD62550671400E57411 /* Preview Assets.xcassets in Resources */ = {isa = PBXBuildFile; fileRef = BB9E2AD52550671400E57411 /* Preview Assets.xcassets */; };
		BB9E2AD82550671400E57411 /* Persistence.swift in Sources */ = {isa = PBXBuildFile; fileRef = BB9E2AD72550671400E57411 /* Persistence.swift */; };
		BB9E2ADB2550671400E57411 /* rockaholic.xcdatamodeld in Sources */ = {isa = PBXBuildFile; fileRef = BB9E2AD92550671400E57411 /* rockaholic.xcdatamodeld */; };
		BB9E2AE62550671400E57411 /* rockaholicTests.swift in Sources */ = {isa = PBXBuildFile; fileRef = BB9E2AE52550671400E57411 /* rockaholicTests.swift */; };
		BB9E2AF12550671400E57411 /* rockaholicUITests.swift in Sources */ = {isa = PBXBuildFile; fileRef = BB9E2AF02550671400E57411 /* rockaholicUITests.swift */; };
/* End PBXBuildFile section */

/* Begin PBXContainerItemProxy section */
		BB9E2AE22550671400E57411 /* PBXContainerItemProxy */ = {
			isa = PBXContainerItemProxy;
			containerPortal = BB9E2AC32550671300E57411 /* Project object */;
			proxyType = 1;
			remoteGlobalIDString = BB9E2ACA2550671300E57411;
			remoteInfo = rockaholic;
		};
		BB9E2AED2550671400E57411 /* PBXContainerItemProxy */ = {
			isa = PBXContainerItemProxy;
			containerPortal = BB9E2AC32550671300E57411 /* Project object */;
			proxyType = 1;
			remoteGlobalIDString = BB9E2ACA2550671300E57411;
			remoteInfo = rockaholic;
		};
/* End PBXContainerItemProxy section */

/* Begin PBXFileReference section */
		BB9E2ACB2550671300E57411 /* rockaholic.app */ = {isa = PBXFileReference; explicitFileType = wrapper.application; includeInIndex = 0; path = rockaholic.app; sourceTree = BUILT_PRODUCTS_DIR; };
		BB9E2ACE2550671300E57411 /* rockaholicApp.swift */ = {isa = PBXFileReference; lastKnownFileType = sourcecode.swift; path = rockaholicApp.swift; sourceTree = "<group>"; };
		BB9E2AD02550671300E57411 /* ContentView.swift */ = {isa = PBXFileReference; lastKnownFileType = sourcecode.swift; path = ContentView.swift; sourceTree = "<group>"; };
		BB9E2AD22550671400E57411 /* Assets.xcassets */ = {isa = PBXFileReference; lastKnownFileType = folder.assetcatalog; path = Assets.xcassets; sourceTree = "<group>"; };
		BB9E2AD52550671400E57411 /* Preview Assets.xcassets */ = {isa = PBXFileReference; lastKnownFileType = folder.assetcatalog; path = "Preview Assets.xcassets"; sourceTree = "<group>"; };
		BB9E2AD72550671400E57411 /* Persistence.swift */ = {isa = PBXFileReference; lastKnownFileType = sourcecode.swift; path = Persistence.swift; sourceTree = "<group>"; };
		BB9E2ADA2550671400E57411 /* rockaholic.xcdatamodel */ = {isa = PBXFileReference; lastKnownFileType = wrapper.xcdatamodel; path = rockaholic.xcdatamodel; sourceTree = "<group>"; };
		BB9E2ADC2550671400E57411 /* Info.plist */ = {isa = PBXFileReference; lastKnownFileType = text.plist.xml; path = Info.plist; sourceTree = "<group>"; };
		BB9E2AE12550671400E57411 /* rockaholicTests.xctest */ = {isa = PBXFileReference; explicitFileType = wrapper.cfbundle; includeInIndex = 0; path = rockaholicTests.xctest; sourceTree = BUILT_PRODUCTS_DIR; };
		BB9E2AE52550671400E57411 /* rockaholicTests.swift */ = {isa = PBXFileReference; lastKnownFileType = sourcecode.swift; path = rockaholicTests.swift; sourceTree = "<group>"; };
		BB9E2AE72550671400E57411 /* Info.plist */ = {isa = PBXFileReference; lastKnownFileType = text.plist.xml; path = Info.plist; sourceTree = "<group>"; };
		BB9E2AEC2550671400E57411 /* rockaholicUITests.xctest */ = {isa = PBXFileReference; explicitFileType = wrapper.cfbundle; includeInIndex = 0; path = rockaholicUITests.xctest; sourceTree = BUILT_PRODUCTS_DIR; };
		BB9E2AF02550671400E57411 /* rockaholicUITests.swift */ = {isa = PBXFileReference; lastKnownFileType = sourcecode.swift; path = rockaholicUITests.swift; sourceTree = "<group>"; };
		BB9E2AF22550671400E57411 /* Info.plist */ = {isa = PBXFileReference; lastKnownFileType = text.plist.xml; path = Info.plist; sourceTree = "<group>"; };
/* End PBXFileReference section */

/* Begin PBXFrameworksBuildPhase section */
		BB9E2AC82550671300E57411 /* Frameworks */ = {
			isa = PBXFrameworksBuildPhase;
			buildActionMask = 2147483647;
			files = (
			);
			runOnlyForDeploymentPostprocessing = 0;
		};
		BB9E2ADE2550671400E57411 /* Frameworks */ = {
			isa = PBXFrameworksBuildPhase;
			buildActionMask = 2147483647;
			files = (
			);
			runOnlyForDeploymentPostprocessing = 0;
		};
		BB9E2AE92550671400E57411 /* Frameworks */ = {
			isa = PBXFrameworksBuildPhase;
			buildActionMask = 2147483647;
			files = (
			);
			runOnlyForDeploymentPostprocessing = 0;
		};
/* End PBXFrameworksBuildPhase section */

/* Begin PBXGroup section */
		BB9E2AC22550671300E57411 = {
			isa = PBXGroup;
			children = (
				BB9E2ACD2550671300E57411 /* rockaholic */,
				BB9E2AE42550671400E57411 /* rockaholicTests */,
				BB9E2AEF2550671400E57411 /* rockaholicUITests */,
				BB9E2ACC2550671300E57411 /* Products */,
			);
			sourceTree = "<group>";
		};
		BB9E2ACC2550671300E57411 /* Products */ = {
			isa = PBXGroup;
			children = (
				BB9E2ACB2550671300E57411 /* rockaholic.app */,
				BB9E2AE12550671400E57411 /* rockaholicTests.xctest */,
				BB9E2AEC2550671400E57411 /* rockaholicUITests.xctest */,
			);
			name = Products;
			sourceTree = "<group>";
		};
		BB9E2ACD2550671300E57411 /* rockaholic */ = {
			isa = PBXGroup;
			children = (
				BB9E2ACE2550671300E57411 /* rockaholicApp.swift */,
				BB9E2AD02550671300E57411 /* ContentView.swift */,
				BB9E2AD22550671400E57411 /* Assets.xcassets */,
				BB9E2AD72550671400E57411 /* Persistence.swift */,
				BB9E2ADC2550671400E57411 /* Info.plist */,
				BB9E2AD92550671400E57411 /* rockaholic.xcdatamodeld */,
				BB9E2AD42550671400E57411 /* Preview Content */,
			);
			path = rockaholic;
			sourceTree = "<group>";
		};
		BB9E2AD42550671400E57411 /* Preview Content */ = {
			isa = PBXGroup;
			children = (
				BB9E2AD52550671400E57411 /* Preview Assets.xcassets */,
			);
			path = "Preview Content";
			sourceTree = "<group>";
		};
		BB9E2AE42550671400E57411 /* rockaholicTests */ = {
			isa = PBXGroup;
			children = (
				BB9E2AE52550671400E57411 /* rockaholicTests.swift */,
				BB9E2AE72550671400E57411 /* Info.plist */,
			);
			path = rockaholicTests;
			sourceTree = "<group>";
		};
		BB9E2AEF2550671400E57411 /* rockaholicUITests */ = {
			isa = PBXGroup;
			children = (
				BB9E2AF02550671400E57411 /* rockaholicUITests.swift */,
				BB9E2AF22550671400E57411 /* Info.plist */,
			);
			path = rockaholicUITests;
			sourceTree = "<group>";
		};
/* End PBXGroup section */

/* Begin PBXNativeTarget section */
		BB9E2ACA2550671300E57411 /* rockaholic */ = {
			isa = PBXNativeTarget;
			buildConfigurationList = BB9E2AF52550671400E57411 /* Build configuration list for PBXNativeTarget "rockaholic" */;
			buildPhases = (
				BB9E2AC72550671300E57411 /* Sources */,
				BB9E2AC82550671300E57411 /* Frameworks */,
				BB9E2AC92550671300E57411 /* Resources */,
			);
			buildRules = (
			);
			dependencies = (
			);
			name = rockaholic;
			productName = rockaholic;
			productReference = BB9E2ACB2550671300E57411 /* rockaholic.app */;
			productType = "com.apple.product-type.application";
		};
		BB9E2AE02550671400E57411 /* rockaholicTests */ = {
			isa = PBXNativeTarget;
			buildConfigurationList = BB9E2AF82550671400E57411 /* Build configuration list for PBXNativeTarget "rockaholicTests" */;
			buildPhases = (
				BB9E2ADD2550671400E57411 /* Sources */,
				BB9E2ADE2550671400E57411 /* Frameworks */,
				BB9E2ADF2550671400E57411 /* Resources */,
			);
			buildRules = (
			);
			dependencies = (
				BB9E2AE32550671400E57411 /* PBXTargetDependency */,
			);
			name = rockaholicTests;
			productName = rockaholicTests;
			productReference = BB9E2AE12550671400E57411 /* rockaholicTests.xctest */;
			productType = "com.apple.product-type.bundle.unit-test";
		};
		BB9E2AEB2550671400E57411 /* rockaholicUITests */ = {
			isa = PBXNativeTarget;
			buildConfigurationList = BB9E2AFB2550671400E57411 /* Build configuration list for PBXNativeTarget "rockaholicUITests" */;
			buildPhases = (
				BB9E2AE82550671400E57411 /* Sources */,
				BB9E2AE92550671400E57411 /* Frameworks */,
				BB9E2AEA2550671400E57411 /* Resources */,
			);
			buildRules = (
			);
			dependencies = (
				BB9E2AEE2550671400E57411 /* PBXTargetDependency */,
			);
			name = rockaholicUITests;
			productName = rockaholicUITests;
			productReference = BB9E2AEC2550671400E57411 /* rockaholicUITests.xctest */;
			productType = "com.apple.product-type.bundle.ui-testing";
		};
/* End PBXNativeTarget section */

/* Begin PBXProject section */
		BB9E2AC32550671300E57411 /* Project object */ = {
			isa = PBXProject;
			attributes = {
				LastSwiftUpdateCheck = 1210;
				LastUpgradeCheck = 1210;
				TargetAttributes = {
					BB9E2ACA2550671300E57411 = {
						CreatedOnToolsVersion = 12.1;
					};
					BB9E2AE02550671400E57411 = {
						CreatedOnToolsVersion = 12.1;
						TestTargetID = BB9E2ACA2550671300E57411;
					};
					BB9E2AEB2550671400E57411 = {
						CreatedOnToolsVersion = 12.1;
						TestTargetID = BB9E2ACA2550671300E57411;
					};
				};
			};
			buildConfigurationList = BB9E2AC62550671300E57411 /* Build configuration list for PBXProject "rockaholic" */;
			compatibilityVersion = "Xcode 9.3";
			developmentRegion = en;
			hasScannedForEncodings = 0;
			knownRegions = (
				en,
				Base,
			);
			mainGroup = BB9E2AC22550671300E57411;
			productRefGroup = BB9E2ACC2550671300E57411 /* Products */;
			projectDirPath = "";
			projectRoot = "";
			targets = (
				BB9E2ACA2550671300E57411 /* rockaholic */,
				BB9E2AE02550671400E57411 /* rockaholicTests */,
				BB9E2AEB2550671400E57411 /* rockaholicUITests */,
			);
		};
/* End PBXProject section */

/* Begin PBXResourcesBuildPhase section */
		BB9E2AC92550671300E57411 /* Resources */ = {
			isa = PBXResourcesBuildPhase;
			buildActionMask = 2147483647;
			files = (
				BB9E2AD62550671400E57411 /* Preview Assets.xcassets in Resources */,
				BB9E2AD32550671400E57411 /* Assets.xcassets in Resources */,
			);
			runOnlyForDeploymentPostprocessing = 0;
		};
		BB9E2ADF2550671400E57411 /* Resources */ = {
			isa = PBXResourcesBuildPhase;
			buildActionMask = 2147483647;
			files = (
			);
			runOnlyForDeploymentPostprocessing = 0;
		};
		BB9E2AEA2550671400E57411 /* Resources */ = {
			isa = PBXResourcesBuildPhase;
			buildActionMask = 2147483647;
			files = (
			);
			runOnlyForDeploymentPostprocessing = 0;
		};
/* End PBXResourcesBuildPhase section */

/* Begin PBXSourcesBuildPhase section */
		BB9E2AC72550671300E57411 /* Sources */ = {
			isa = PBXSourcesBuildPhase;
			buildActionMask = 2147483647;
			files = (
				BB9E2AD82550671400E57411 /* Persistence.swift in Sources */,
				BB9E2AD12550671300E57411 /* ContentView.swift in Sources */,
				BB9E2ADB2550671400E57411 /* rockaholic.xcdatamodeld in Sources */,
				BB9E2ACF2550671300E57411 /* rockaholicApp.swift in Sources */,
			);
			runOnlyForDeploymentPostprocessing = 0;
		};
		BB9E2ADD2550671400E57411 /* Sources */ = {
			isa = PBXSourcesBuildPhase;
			buildActionMask = 2147483647;
			files = (
				BB9E2AE62550671400E57411 /* rockaholicTests.swift in Sources */,
			);
			runOnlyForDeploymentPostprocessing = 0;
		};
		BB9E2AE82550671400E57411 /* Sources */ = {
			isa = PBXSourcesBuildPhase;
			buildActionMask = 2147483647;
			files = (
				BB9E2AF12550671400E57411 /* rockaholicUITests.swift in Sources */,
			);
			runOnlyForDeploymentPostprocessing = 0;
		};
/* End PBXSourcesBuildPhase section */

/* Begin PBXTargetDependency section */
		BB9E2AE32550671400E57411 /* PBXTargetDependency */ = {
			isa = PBXTargetDependency;
			target = BB9E2ACA2550671300E57411 /* rockaholic */;
			targetProxy = BB9E2AE22550671400E57411 /* PBXContainerItemProxy */;
		};
		BB9E2AEE2550671400E57411 /* PBXTargetDependency */ = {
			isa = PBXTargetDependency;
			target = BB9E2ACA2550671300E57411 /* rockaholic */;
			targetProxy = BB9E2AED2550671400E57411 /* PBXContainerItemProxy */;
		};
/* End PBXTargetDependency section */

/* Begin XCBuildConfiguration section */
		BB9E2AF32550671400E57411 /* Debug */ = {
			isa = XCBuildConfiguration;
			buildSettings = {
				ALWAYS_SEARCH_USER_PATHS = NO;
				CLANG_ANALYZER_NONNULL = YES;
				CLANG_ANALYZER_NUMBER_OBJECT_CONVERSION = YES_AGGRESSIVE;
				CLANG_CXX_LANGUAGE_STANDARD = "gnu++14";
				CLANG_CXX_LIBRARY = "libc++";
				CLANG_ENABLE_MODULES = YES;
				CLANG_ENABLE_OBJC_ARC = YES;
				CLANG_ENABLE_OBJC_WEAK = YES;
				CLANG_WARN_BLOCK_CAPTURE_AUTORELEASING = YES;
				CLANG_WARN_BOOL_CONVERSION = YES;
				CLANG_WARN_COMMA = YES;
				CLANG_WARN_CONSTANT_CONVERSION = YES;
				CLANG_WARN_DEPRECATED_OBJC_IMPLEMENTATIONS = YES;
				CLANG_WARN_DIRECT_OBJC_ISA_USAGE = YES_ERROR;
				CLANG_WARN_DOCUMENTATION_COMMENTS = YES;
				CLANG_WARN_EMPTY_BODY = YES;
				CLANG_WARN_ENUM_CONVERSION = YES;
				CLANG_WARN_INFINITE_RECURSION = YES;
				CLANG_WARN_INT_CONVERSION = YES;
				CLANG_WARN_NON_LITERAL_NULL_CONVERSION = YES;
				CLANG_WARN_OBJC_IMPLICIT_RETAIN_SELF = YES;
				CLANG_WARN_OBJC_LITERAL_CONVERSION = YES;
				CLANG_WARN_OBJC_ROOT_CLASS = YES_ERROR;
				CLANG_WARN_QUOTED_INCLUDE_IN_FRAMEWORK_HEADER = YES;
				CLANG_WARN_RANGE_LOOP_ANALYSIS = YES;
				CLANG_WARN_STRICT_PROTOTYPES = YES;
				CLANG_WARN_SUSPICIOUS_MOVE = YES;
				CLANG_WARN_UNGUARDED_AVAILABILITY = YES_AGGRESSIVE;
				CLANG_WARN_UNREACHABLE_CODE = YES;
				CLANG_WARN__DUPLICATE_METHOD_MATCH = YES;
				COPY_PHASE_STRIP = NO;
				DEBUG_INFORMATION_FORMAT = dwarf;
				ENABLE_STRICT_OBJC_MSGSEND = YES;
				ENABLE_TESTABILITY = YES;
				GCC_C_LANGUAGE_STANDARD = gnu11;
				GCC_DYNAMIC_NO_PIC = NO;
				GCC_NO_COMMON_BLOCKS = YES;
				GCC_OPTIMIZATION_LEVEL = 0;
				GCC_PREPROCESSOR_DEFINITIONS = (
					"DEBUG=1",
					"$(inherited)",
				);
				GCC_WARN_64_TO_32_BIT_CONVERSION = YES;
				GCC_WARN_ABOUT_RETURN_TYPE = YES_ERROR;
				GCC_WARN_UNDECLARED_SELECTOR = YES;
				GCC_WARN_UNINITIALIZED_AUTOS = YES_AGGRESSIVE;
				GCC_WARN_UNUSED_FUNCTION = YES;
				GCC_WARN_UNUSED_VARIABLE = YES;
				IPHONEOS_DEPLOYMENT_TARGET = 14.1;
				MTL_ENABLE_DEBUG_INFO = INCLUDE_SOURCE;
				MTL_FAST_MATH = YES;
				ONLY_ACTIVE_ARCH = YES;
				SDKROOT = iphoneos;
				SWIFT_ACTIVE_COMPILATION_CONDITIONS = DEBUG;
				SWIFT_OPTIMIZATION_LEVEL = "-Onone";
			};
			name = Debug;
		};
		BB9E2AF42550671400E57411 /* Release */ = {
			isa = XCBuildConfiguration;
			buildSettings = {
				ALWAYS_SEARCH_USER_PATHS = NO;
				CLANG_ANALYZER_NONNULL = YES;
				CLANG_ANALYZER_NUMBER_OBJECT_CONVERSION = YES_AGGRESSIVE;
				CLANG_CXX_LANGUAGE_STANDARD = "gnu++14";
				CLANG_CXX_LIBRARY = "libc++";
				CLANG_ENABLE_MODULES = YES;
				CLANG_ENABLE_OBJC_ARC = YES;
				CLANG_ENABLE_OBJC_WEAK = YES;
				CLANG_WARN_BLOCK_CAPTURE_AUTORELEASING = YES;
				CLANG_WARN_BOOL_CONVERSION = YES;
				CLANG_WARN_COMMA = YES;
				CLANG_WARN_CONSTANT_CONVERSION = YES;
				CLANG_WARN_DEPRECATED_OBJC_IMPLEMENTATIONS = YES;
				CLANG_WARN_DIRECT_OBJC_ISA_USAGE = YES_ERROR;
				CLANG_WARN_DOCUMENTATION_COMMENTS = YES;
				CLANG_WARN_EMPTY_BODY = YES;
				CLANG_WARN_ENUM_CONVERSION = YES;
				CLANG_WARN_INFINITE_RECURSION = YES;
				CLANG_WARN_INT_CONVERSION = YES;
				CLANG_WARN_NON_LITERAL_NULL_CONVERSION = YES;
				CLANG_WARN_OBJC_IMPLICIT_RETAIN_SELF = YES;
				CLANG_WARN_OBJC_LITERAL_CONVERSION = YES;
				CLANG_WARN_OBJC_ROOT_CLASS = YES_ERROR;
				CLANG_WARN_QUOTED_INCLUDE_IN_FRAMEWORK_HEADER = YES;
				CLANG_WARN_RANGE_LOOP_ANALYSIS = YES;
				CLANG_WARN_STRICT_PROTOTYPES = YES;
				CLANG_WARN_SUSPICIOUS_MOVE = YES;
				CLANG_WARN_UNGUARDED_AVAILABILITY = YES_AGGRESSIVE;
				CLANG_WARN_UNREACHABLE_CODE = YES;
				CLANG_WARN__DUPLICATE_METHOD_MATCH = YES;
				COPY_PHASE_STRIP = NO;
				DEBUG_INFORMATION_FORMAT = "dwarf-with-dsym";
				ENABLE_NS_ASSERTIONS = NO;
				ENABLE_STRICT_OBJC_MSGSEND = YES;
				GCC_C_LANGUAGE_STANDARD = gnu11;
				GCC_NO_COMMON_BLOCKS = YES;
				GCC_WARN_64_TO_32_BIT_CONVERSION = YES;
				GCC_WARN_ABOUT_RETURN_TYPE = YES_ERROR;
				GCC_WARN_UNDECLARED_SELECTOR = YES;
				GCC_WARN_UNINITIALIZED_AUTOS = YES_AGGRESSIVE;
				GCC_WARN_UNUSED_FUNCTION = YES;
				GCC_WARN_UNUSED_VARIABLE = YES;
				IPHONEOS_DEPLOYMENT_TARGET = 14.1;
				MTL_ENABLE_DEBUG_INFO = NO;
				MTL_FAST_MATH = YES;
				SDKROOT = iphoneos;
				SWIFT_COMPILATION_MODE = wholemodule;
				SWIFT_OPTIMIZATION_LEVEL = "-O";
				VALIDATE_PRODUCT = YES;
			};
			name = Release;
		};
		BB9E2AF62550671400E57411 /* Debug */ = {
			isa = XCBuildConfiguration;
			buildSettings = {
				ASSETCATALOG_COMPILER_APPICON_NAME = AppIcon;
				ASSETCATALOG_COMPILER_GLOBAL_ACCENT_COLOR_NAME = AccentColor;
				CODE_SIGN_STYLE = Automatic;
				DEVELOPMENT_ASSET_PATHS = "\"rockaholic/Preview Content\"";
				DEVELOPMENT_TEAM = UWFLB4GC25;
				ENABLE_PREVIEWS = YES;
				INFOPLIST_FILE = rockaholic/Info.plist;
				IPHONEOS_DEPLOYMENT_TARGET = 14.0;
				LD_RUNPATH_SEARCH_PATHS = (
					"$(inherited)",
					"@executable_path/Frameworks",
				);
				PRODUCT_BUNDLE_IDENTIFIER = com.pais.rockaholic;
				PRODUCT_NAME = "$(TARGET_NAME)";
				SWIFT_VERSION = 5.0;
				TARGETED_DEVICE_FAMILY = "1,2";
			};
			name = Debug;
		};
		BB9E2AF72550671400E57411 /* Release */ = {
			isa = XCBuildConfiguration;
			buildSettings = {
				ASSETCATALOG_COMPILER_APPICON_NAME = AppIcon;
				ASSETCATALOG_COMPILER_GLOBAL_ACCENT_COLOR_NAME = AccentColor;
				CODE_SIGN_STYLE = Automatic;
				DEVELOPMENT_ASSET_PATHS = "\"rockaholic/Preview Content\"";
				DEVELOPMENT_TEAM = UWFLB4GC25;
				ENABLE_PREVIEWS = YES;
				INFOPLIST_FILE = rockaholic/Info.plist;
				IPHONEOS_DEPLOYMENT_TARGET = 14.0;
				LD_RUNPATH_SEARCH_PATHS = (
					"$(inherited)",
					"@executable_path/Frameworks",
				);
				PRODUCT_BUNDLE_IDENTIFIER = com.pais.rockaholic;
				PRODUCT_NAME = "$(TARGET_NAME)";
				SWIFT_VERSION = 5.0;
				TARGETED_DEVICE_FAMILY = "1,2";
			};
			name = Release;
		};
		BB9E2AF92550671400E57411 /* Debug */ = {
			isa = XCBuildConfiguration;
			buildSettings = {
				ALWAYS_EMBED_SWIFT_STANDARD_LIBRARIES = YES;
				BUNDLE_LOADER = "$(TEST_HOST)";
				CODE_SIGN_STYLE = Automatic;
				DEVELOPMENT_TEAM = UWFLB4GC25;
				INFOPLIST_FILE = rockaholicTests/Info.plist;
				IPHONEOS_DEPLOYMENT_TARGET = 14.0;
				LD_RUNPATH_SEARCH_PATHS = (
					"$(inherited)",
					"@executable_path/Frameworks",
					"@loader_path/Frameworks",
				);
				PRODUCT_BUNDLE_IDENTIFIER = com.pais.rockaholicTests;
				PRODUCT_NAME = "$(TARGET_NAME)";
				SWIFT_VERSION = 5.0;
				TARGETED_DEVICE_FAMILY = "1,2";
				TEST_HOST = "$(BUILT_PRODUCTS_DIR)/rockaholic.app/rockaholic";
			};
			name = Debug;
		};
		BB9E2AFA2550671400E57411 /* Release */ = {
			isa = XCBuildConfiguration;
			buildSettings = {
				ALWAYS_EMBED_SWIFT_STANDARD_LIBRARIES = YES;
				BUNDLE_LOADER = "$(TEST_HOST)";
				CODE_SIGN_STYLE = Automatic;
				DEVELOPMENT_TEAM = UWFLB4GC25;
				INFOPLIST_FILE = rockaholicTests/Info.plist;
				IPHONEOS_DEPLOYMENT_TARGET = 14.0;
				LD_RUNPATH_SEARCH_PATHS = (
					"$(inherited)",
					"@executable_path/Frameworks",
					"@loader_path/Frameworks",
				);
				PRODUCT_BUNDLE_IDENTIFIER = com.pais.rockaholicTests;
				PRODUCT_NAME = "$(TARGET_NAME)";
				SWIFT_VERSION = 5.0;
				TARGETED_DEVICE_FAMILY = "1,2";
				TEST_HOST = "$(BUILT_PRODUCTS_DIR)/rockaholic.app/rockaholic";
			};
			name = Release;
		};
		BB9E2AFC2550671400E57411 /* Debug */ = {
			isa = XCBuildConfiguration;
			buildSettings = {
				ALWAYS_EMBED_SWIFT_STANDARD_LIBRARIES = YES;
				CODE_SIGN_STYLE = Automatic;
				DEVELOPMENT_TEAM = UWFLB4GC25;
				INFOPLIST_FILE = rockaholicUITests/Info.plist;
				LD_RUNPATH_SEARCH_PATHS = (
					"$(inherited)",
					"@executable_path/Frameworks",
					"@loader_path/Frameworks",
				);
				PRODUCT_BUNDLE_IDENTIFIER = com.pais.rockaholicUITests;
				PRODUCT_NAME = "$(TARGET_NAME)";
				SWIFT_VERSION = 5.0;
				TARGETED_DEVICE_FAMILY = "1,2";
				TEST_TARGET_NAME = rockaholic;
			};
			name = Debug;
		};
		BB9E2AFD2550671400E57411 /* Release */ = {
			isa = XCBuildConfiguration;
			buildSettings = {
				ALWAYS_EMBED_SWIFT_STANDARD_LIBRARIES = YES;
				CODE_SIGN_STYLE = Automatic;
				DEVELOPMENT_TEAM = UWFLB4GC25;
				INFOPLIST_FILE = rockaholicUITests/Info.plist;
				LD_RUNPATH_SEARCH_PATHS = (
					"$(inherited)",
					"@executable_path/Frameworks",
					"@loader_path/Frameworks",
				);
				PRODUCT_BUNDLE_IDENTIFIER = com.pais.rockaholicUITests;
				PRODUCT_NAME = "$(TARGET_NAME)";
				SWIFT_VERSION = 5.0;
				TARGETED_DEVICE_FAMILY = "1,2";
				TEST_TARGET_NAME = rockaholic;
			};
			name = Release;
		};
/* End XCBuildConfiguration section */

/* Begin XCConfigurationList section */
		BB9E2AC62550671300E57411 /* Build configuration list for PBXProject "rockaholic" */ = {
			isa = XCConfigurationList;
			buildConfigurations = (
				BB9E2AF32550671400E57411 /* Debug */,
				BB9E2AF42550671400E57411 /* Release */,
			);
			defaultConfigurationIsVisible = 0;
			defaultConfigurationName = Release;
		};
		BB9E2AF52550671400E57411 /* Build configuration list for PBXNativeTarget "rockaholic" */ = {
			isa = XCConfigurationList;
			buildConfigurations = (
				BB9E2AF62550671400E57411 /* Debug */,
				BB9E2AF72550671400E57411 /* Release */,
			);
			defaultConfigurationIsVisible = 0;
			defaultConfigurationName = Release;
		};
		BB9E2AF82550671400E57411 /* Build configuration list for PBXNativeTarget "rockaholicTests" */ = {
			isa = XCConfigurationList;
			buildConfigurations = (
				BB9E2AF92550671400E57411 /* Debug */,
				BB9E2AFA2550671400E57411 /* Release */,
			);
			defaultConfigurationIsVisible = 0;
			defaultConfigurationName = Release;
		};
		BB9E2AFB2550671400E57411 /* Build configuration list for PBXNativeTarget "rockaholicUITests" */ = {
			isa = XCConfigurationList;
			buildConfigurations = (
				BB9E2AFC2550671400E57411 /* Debug */,
				BB9E2AFD2550671400E57411 /* Release */,
			);
			defaultConfigurationIsVisible = 0;
			defaultConfigurationName = Release;
		};
/* End XCConfigurationList section */

/* Begin XCVersionGroup section */
		BB9E2AD92550671400E57411 /* rockaholic.xcdatamodeld */ = {
			isa = XCVersionGroup;
			children = (
				BB9E2ADA2550671400E57411 /* rockaholic.xcdatamodel */,
			);
			currentVersion = BB9E2ADA2550671400E57411 /* rockaholic.xcdatamodel */;
			path = rockaholic.xcdatamodeld;
			sourceTree = "<group>";
			versionGroupType = wrapper.xcdatamodel;
		};
/* End XCVersionGroup section */
	};
	rootObject = BB9E2AC32550671300E57411 /* Project object */;
}
